// !$*UTF8*$!
{
	archiveVersion = 1;
	classes = {
	};
	objectVersion = 55;
	objects = {

/* Begin PBXBuildFile section */
		8D065A282739695A0045D166 /* BudgetAppApp.swift in Sources */ = {isa = PBXBuildFile; fileRef = 8D065A272739695A0045D166 /* BudgetAppApp.swift */; };
		8D065A2A2739695A0045D166 /* ContentView.swift in Sources */ = {isa = PBXBuildFile; fileRef = 8D065A292739695A0045D166 /* ContentView.swift */; };
		8D065A2C2739695B0045D166 /* Assets.xcassets in Resources */ = {isa = PBXBuildFile; fileRef = 8D065A2B2739695B0045D166 /* Assets.xcassets */; };
		8D065A2F2739695B0045D166 /* Preview Assets.xcassets in Resources */ = {isa = PBXBuildFile; fileRef = 8D065A2E2739695B0045D166 /* Preview Assets.xcassets */; };
		8D065A37273969D40045D166 /* BudgetAppModel.xcdatamodeld in Sources */ = {isa = PBXBuildFile; fileRef = 8D065A35273969D40045D166 /* BudgetAppModel.xcdatamodeld */; };
		8D065A3A27396A1A0045D166 /* CoreDataManager.swift in Sources */ = {isa = PBXBuildFile; fileRef = 8D065A3927396A1A0045D166 /* CoreDataManager.swift */; };
		8D065A3D27396AFF0045D166 /* BudgetListViewModel.swift in Sources */ = {isa = PBXBuildFile; fileRef = 8D065A3C27396AFF0045D166 /* BudgetListViewModel.swift */; };
		8D065A3F27396CCD0045D166 /* AddBudgetViewModel.swift in Sources */ = {isa = PBXBuildFile; fileRef = 8D065A3E27396CCD0045D166 /* AddBudgetViewModel.swift */; };
		8D065A4127396CFA0045D166 /* AddBudgetScreen.swift in Sources */ = {isa = PBXBuildFile; fileRef = 8D065A4027396CFA0045D166 /* AddBudgetScreen.swift */; };
		8D065A4427396DF30045D166 /* View+Extensions.swift in Sources */ = {isa = PBXBuildFile; fileRef = 8D065A4327396DF30045D166 /* View+Extensions.swift */; };
		8D065A4627396ECD0045D166 /* Budget+Extensions.swift in Sources */ = {isa = PBXBuildFile; fileRef = 8D065A4527396ECD0045D166 /* Budget+Extensions.swift */; };
		8D065A4927396EF10045D166 /* BaseModel.swift in Sources */ = {isa = PBXBuildFile; fileRef = 8D065A4827396EF10045D166 /* BaseModel.swift */; };
/* End PBXBuildFile section */

/* Begin PBXFileReference section */
		8D065A242739695A0045D166 /* BudgetApp.app */ = {isa = PBXFileReference; explicitFileType = wrapper.application; includeInIndex = 0; path = BudgetApp.app; sourceTree = BUILT_PRODUCTS_DIR; };
		8D065A272739695A0045D166 /* BudgetAppApp.swift */ = {isa = PBXFileReference; lastKnownFileType = sourcecode.swift; path = BudgetAppApp.swift; sourceTree = "<group>"; };
		8D065A292739695A0045D166 /* ContentView.swift */ = {isa = PBXFileReference; lastKnownFileType = sourcecode.swift; path = ContentView.swift; sourceTree = "<group>"; };
		8D065A2B2739695B0045D166 /* Assets.xcassets */ = {isa = PBXFileReference; lastKnownFileType = folder.assetcatalog; path = Assets.xcassets; sourceTree = "<group>"; };
		8D065A2E2739695B0045D166 /* Preview Assets.xcassets */ = {isa = PBXFileReference; lastKnownFileType = folder.assetcatalog; path = "Preview Assets.xcassets"; sourceTree = "<group>"; };
		8D065A36273969D40045D166 /* BudgetAppModel.xcdatamodel */ = {isa = PBXFileReference; lastKnownFileType = wrapper.xcdatamodel; path = BudgetAppModel.xcdatamodel; sourceTree = "<group>"; };
		8D065A3927396A1A0045D166 /* CoreDataManager.swift */ = {isa = PBXFileReference; lastKnownFileType = sourcecode.swift; path = CoreDataManager.swift; sourceTree = "<group>"; };
		8D065A3C27396AFF0045D166 /* BudgetListViewModel.swift */ = {isa = PBXFileReference; lastKnownFileType = sourcecode.swift; path = BudgetListViewModel.swift; sourceTree = "<group>"; };
		8D065A3E27396CCD0045D166 /* AddBudgetViewModel.swift */ = {isa = PBXFileReference; lastKnownFileType = sourcecode.swift; path = AddBudgetViewModel.swift; sourceTree = "<group>"; };
		8D065A4027396CFA0045D166 /* AddBudgetScreen.swift */ = {isa = PBXFileReference; lastKnownFileType = sourcecode.swift; path = AddBudgetScreen.swift; sourceTree = "<group>"; };
		8D065A4327396DF30045D166 /* View+Extensions.swift */ = {isa = PBXFileReference; lastKnownFileType = sourcecode.swift; path = "View+Extensions.swift"; sourceTree = "<group>"; };
		8D065A4527396ECD0045D166 /* Budget+Extensions.swift */ = {isa = PBXFileReference; lastKnownFileType = sourcecode.swift; path = "Budget+Extensions.swift"; sourceTree = "<group>"; };
		8D065A4827396EF10045D166 /* BaseModel.swift */ = {isa = PBXFileReference; lastKnownFileType = sourcecode.swift; path = BaseModel.swift; sourceTree = "<group>"; };
/* End PBXFileReference section */

/* Begin PBXFrameworksBuildPhase section */
		8D065A212739695A0045D166 /* Frameworks */ = {
			isa = PBXFrameworksBuildPhase;
			buildActionMask = 2147483647;
			files = (
			);
			runOnlyForDeploymentPostprocessing = 0;
		};
/* End PBXFrameworksBuildPhase section */

/* Begin PBXGroup section */
		8D065A1B2739695A0045D166 = {
			isa = PBXGroup;
			children = (
				8D065A262739695A0045D166 /* BudgetApp */,
				8D065A252739695A0045D166 /* Products */,
			);
			sourceTree = "<group>";
		};
		8D065A252739695A0045D166 /* Products */ = {
			isa = PBXGroup;
			children = (
				8D065A242739695A0045D166 /* BudgetApp.app */,
			);
			name = Products;
			sourceTree = "<group>";
		};
		8D065A262739695A0045D166 /* BudgetApp */ = {
			isa = PBXGroup;
			children = (
				8D065A4727396EE50045D166 /* Models */,
				8D065A4227396DE30045D166 /* Extensions */,
				8D065A3B27396AEB0045D166 /* View Models */,
				8D065A3827396A0A0045D166 /* Managers */,
				8D065A272739695A0045D166 /* BudgetAppApp.swift */,
				8D065A292739695A0045D166 /* ContentView.swift */,
				8D065A2B2739695B0045D166 /* Assets.xcassets */,
				8D065A2D2739695B0045D166 /* Preview Content */,
				8D065A35273969D40045D166 /* BudgetAppModel.xcdatamodeld */,
				8D065A4027396CFA0045D166 /* AddBudgetScreen.swift */,
			);
			path = BudgetApp;
			sourceTree = "<group>";
		};
		8D065A2D2739695B0045D166 /* Preview Content */ = {
			isa = PBXGroup;
			children = (
				8D065A2E2739695B0045D166 /* Preview Assets.xcassets */,
			);
			path = "Preview Content";
			sourceTree = "<group>";
		};
		8D065A3827396A0A0045D166 /* Managers */ = {
			isa = PBXGroup;
			children = (
				8D065A3927396A1A0045D166 /* CoreDataManager.swift */,
			);
			path = Managers;
			sourceTree = "<group>";
		};
		8D065A3B27396AEB0045D166 /* View Models */ = {
			isa = PBXGroup;
			children = (
				8D065A3C27396AFF0045D166 /* BudgetListViewModel.swift */,
				8D065A3E27396CCD0045D166 /* AddBudgetViewModel.swift */,
			);
			path = "View Models";
			sourceTree = "<group>";
		};
		8D065A4227396DE30045D166 /* Extensions */ = {
			isa = PBXGroup;
			children = (
				8D065A4327396DF30045D166 /* View+Extensions.swift */,
				8D065A4527396ECD0045D166 /* Budget+Extensions.swift */,
			);
			path = Extensions;
			sourceTree = "<group>";
		};
		8D065A4727396EE50045D166 /* Models */ = {
			isa = PBXGroup;
			children = (
				8D065A4827396EF10045D166 /* BaseModel.swift */,
			);
			path = Models;
			sourceTree = "<group>";
		};
/* End PBXGroup section */

/* Begin PBXNativeTarget section */
		8D065A232739695A0045D166 /* BudgetApp */ = {
			isa = PBXNativeTarget;
			buildConfigurationList = 8D065A322739695B0045D166 /* Build configuration list for PBXNativeTarget "BudgetApp" */;
			buildPhases = (
				8D065A202739695A0045D166 /* Sources */,
				8D065A212739695A0045D166 /* Frameworks */,
				8D065A222739695A0045D166 /* Resources */,
			);
			buildRules = (
			);
			dependencies = (
			);
			name = BudgetApp;
			productName = BudgetApp;
			productReference = 8D065A242739695A0045D166 /* BudgetApp.app */;
			productType = "com.apple.product-type.application";
		};
/* End PBXNativeTarget section */

/* Begin PBXProject section */
		8D065A1C2739695A0045D166 /* Project object */ = {
			isa = PBXProject;
			attributes = {
				BuildIndependentTargetsInParallel = 1;
				LastSwiftUpdateCheck = 1310;
				LastUpgradeCheck = 1310;
				TargetAttributes = {
					8D065A232739695A0045D166 = {
						CreatedOnToolsVersion = 13.1;
					};
				};
			};
			buildConfigurationList = 8D065A1F2739695A0045D166 /* Build configuration list for PBXProject "BudgetApp" */;
			compatibilityVersion = "Xcode 13.0";
			developmentRegion = en;
			hasScannedForEncodings = 0;
			knownRegions = (
				en,
				Base,
			);
			mainGroup = 8D065A1B2739695A0045D166;
			productRefGroup = 8D065A252739695A0045D166 /* Products */;
			projectDirPath = "";
			projectRoot = "";
			targets = (
				8D065A232739695A0045D166 /* BudgetApp */,
			);
		};
/* End PBXProject section */

/* Begin PBXResourcesBuildPhase section */
		8D065A222739695A0045D166 /* Resources */ = {
			isa = PBXResourcesBuildPhase;
			buildActionMask = 2147483647;
			files = (
				8D065A2F2739695B0045D166 /* Preview Assets.xcassets in Resources */,
				8D065A2C2739695B0045D166 /* Assets.xcassets in Resources */,
			);
			runOnlyForDeploymentPostprocessing = 0;
		};
/* End PBXResourcesBuildPhase section */

/* Begin PBXSourcesBuildPhase section */
		8D065A202739695A0045D166 /* Sources */ = {
			isa = PBXSourcesBuildPhase;
			buildActionMask = 2147483647;
			files = (
				8D065A2A2739695A0045D166 /* ContentView.swift in Sources */,
				8D065A37273969D40045D166 /* BudgetAppModel.xcdatamodeld in Sources */,
				8D065A3A27396A1A0045D166 /* CoreDataManager.swift in Sources */,
				8D065A3D27396AFF0045D166 /* BudgetListViewModel.swift in Sources */,
				8D065A4927396EF10045D166 /* BaseModel.swift in Sources */,
				8D065A4127396CFA0045D166 /* AddBudgetScreen.swift in Sources */,
				8D065A282739695A0045D166 /* BudgetAppApp.swift in Sources */,
				8D065A4627396ECD0045D166 /* Budget+Extensions.swift in Sources */,
				8D065A4427396DF30045D166 /* View+Extensions.swift in Sources */,
				8D065A3F27396CCD0045D166 /* AddBudgetViewModel.swift in Sources */,
			);
			runOnlyForDeploymentPostprocessing = 0;
		};
/* End PBXSourcesBuildPhase section */

/* Begin XCBuildConfiguration section */
		8D065A302739695B0045D166 /* Debug */ = {
			isa = XCBuildConfiguration;
			buildSettings = {
				ALWAYS_SEARCH_USER_PATHS = NO;
				CLANG_ANALYZER_NONNULL = YES;
				CLANG_ANALYZER_NUMBER_OBJECT_CONVERSION = YES_AGGRESSIVE;
				CLANG_CXX_LANGUAGE_STANDARD = "gnu++17";
				CLANG_CXX_LIBRARY = "libc++";
				CLANG_ENABLE_MODULES = YES;
				CLANG_ENABLE_OBJC_ARC = YES;
				CLANG_ENABLE_OBJC_WEAK = YES;
				CLANG_WARN_BLOCK_CAPTURE_AUTORELEASING = YES;
				CLANG_WARN_BOOL_CONVERSION = YES;
				CLANG_WARN_COMMA = YES;
				CLANG_WARN_CONSTANT_CONVERSION = YES;
				CLANG_WARN_DEPRECATED_OBJC_IMPLEMENTATIONS = YES;
				CLANG_WARN_DIRECT_OBJC_ISA_USAGE = YES_ERROR;
				CLANG_WARN_DOCUMENTATION_COMMENTS = YES;
				CLANG_WARN_EMPTY_BODY = YES;
				CLANG_WARN_ENUM_CONVERSION = YES;
				CLANG_WARN_INFINITE_RECURSION = YES;
				CLANG_WARN_INT_CONVERSION = YES;
				CLANG_WARN_NON_LITERAL_NULL_CONVERSION = YES;
				CLANG_WARN_OBJC_IMPLICIT_RETAIN_SELF = YES;
				CLANG_WARN_OBJC_LITERAL_CONVERSION = YES;
				CLANG_WARN_OBJC_ROOT_CLASS = YES_ERROR;
				CLANG_WARN_QUOTED_INCLUDE_IN_FRAMEWORK_HEADER = YES;
				CLANG_WARN_RANGE_LOOP_ANALYSIS = YES;
				CLANG_WARN_STRICT_PROTOTYPES = YES;
				CLANG_WARN_SUSPICIOUS_MOVE = YES;
				CLANG_WARN_UNGUARDED_AVAILABILITY = YES_AGGRESSIVE;
				CLANG_WARN_UNREACHABLE_CODE = YES;
				CLANG_WARN__DUPLICATE_METHOD_MATCH = YES;
				COPY_PHASE_STRIP = NO;
				DEBUG_INFORMATION_FORMAT = dwarf;
				ENABLE_STRICT_OBJC_MSGSEND = YES;
				ENABLE_TESTABILITY = YES;
				GCC_C_LANGUAGE_STANDARD = gnu11;
				GCC_DYNAMIC_NO_PIC = NO;
				GCC_NO_COMMON_BLOCKS = YES;
				GCC_OPTIMIZATION_LEVEL = 0;
				GCC_PREPROCESSOR_DEFINITIONS = (
					"DEBUG=1",
					"$(inherited)",
				);
				GCC_WARN_64_TO_32_BIT_CONVERSION = YES;
				GCC_WARN_ABOUT_RETURN_TYPE = YES_ERROR;
				GCC_WARN_UNDECLARED_SELECTOR = YES;
				GCC_WARN_UNINITIALIZED_AUTOS = YES_AGGRESSIVE;
				GCC_WARN_UNUSED_FUNCTION = YES;
				GCC_WARN_UNUSED_VARIABLE = YES;
				IPHONEOS_DEPLOYMENT_TARGET = 15.0;
				MTL_ENABLE_DEBUG_INFO = INCLUDE_SOURCE;
				MTL_FAST_MATH = YES;
				ONLY_ACTIVE_ARCH = YES;
				SDKROOT = iphoneos;
				SWIFT_ACTIVE_COMPILATION_CONDITIONS = DEBUG;
				SWIFT_OPTIMIZATION_LEVEL = "-Onone";
			};
			name = Debug;
		};
		8D065A312739695B0045D166 /* Release */ = {
			isa = XCBuildConfiguration;
			buildSettings = {
				ALWAYS_SEARCH_USER_PATHS = NO;
				CLANG_ANALYZER_NONNULL = YES;
				CLANG_ANALYZER_NUMBER_OBJECT_CONVERSION = YES_AGGRESSIVE;
				CLANG_CXX_LANGUAGE_STANDARD = "gnu++17";
				CLANG_CXX_LIBRARY = "libc++";
				CLANG_ENABLE_MODULES = YES;
				CLANG_ENABLE_OBJC_ARC = YES;
				CLANG_ENABLE_OBJC_WEAK = YES;
				CLANG_WARN_BLOCK_CAPTURE_AUTORELEASING = YES;
				CLANG_WARN_BOOL_CONVERSION = YES;
				CLANG_WARN_COMMA = YES;
				CLANG_WARN_CONSTANT_CONVERSION = YES;
				CLANG_WARN_DEPRECATED_OBJC_IMPLEMENTATIONS = YES;
				CLANG_WARN_DIRECT_OBJC_ISA_USAGE = YES_ERROR;
				CLANG_WARN_DOCUMENTATION_COMMENTS = YES;
				CLANG_WARN_EMPTY_BODY = YES;
				CLANG_WARN_ENUM_CONVERSION = YES;
				CLANG_WARN_INFINITE_RECURSION = YES;
				CLANG_WARN_INT_CONVERSION = YES;
				CLANG_WARN_NON_LITERAL_NULL_CONVERSION = YES;
				CLANG_WARN_OBJC_IMPLICIT_RETAIN_SELF = YES;
				CLANG_WARN_OBJC_LITERAL_CONVERSION = YES;
				CLANG_WARN_OBJC_ROOT_CLASS = YES_ERROR;
				CLANG_WARN_QUOTED_INCLUDE_IN_FRAMEWORK_HEADER = YES;
				CLANG_WARN_RANGE_LOOP_ANALYSIS = YES;
				CLANG_WARN_STRICT_PROTOTYPES = YES;
				CLANG_WARN_SUSPICIOUS_MOVE = YES;
				CLANG_WARN_UNGUARDED_AVAILABILITY = YES_AGGRESSIVE;
				CLANG_WARN_UNREACHABLE_CODE = YES;
				CLANG_WARN__DUPLICATE_METHOD_MATCH = YES;
				COPY_PHASE_STRIP = NO;
				DEBUG_INFORMATION_FORMAT = "dwarf-with-dsym";
				ENABLE_NS_ASSERTIONS = NO;
				ENABLE_STRICT_OBJC_MSGSEND = YES;
				GCC_C_LANGUAGE_STANDARD = gnu11;
				GCC_NO_COMMON_BLOCKS = YES;
				GCC_WARN_64_TO_32_BIT_CONVERSION = YES;
				GCC_WARN_ABOUT_RETURN_TYPE = YES_ERROR;
				GCC_WARN_UNDECLARED_SELECTOR = YES;
				GCC_WARN_UNINITIALIZED_AUTOS = YES_AGGRESSIVE;
				GCC_WARN_UNUSED_FUNCTION = YES;
				GCC_WARN_UNUSED_VARIABLE = YES;
				IPHONEOS_DEPLOYMENT_TARGET = 15.0;
				MTL_ENABLE_DEBUG_INFO = NO;
				MTL_FAST_MATH = YES;
				SDKROOT = iphoneos;
				SWIFT_COMPILATION_MODE = wholemodule;
				SWIFT_OPTIMIZATION_LEVEL = "-O";
				VALIDATE_PRODUCT = YES;
			};
			name = Release;
		};
		8D065A332739695B0045D166 /* Debug */ = {
			isa = XCBuildConfiguration;
			buildSettings = {
				ASSETCATALOG_COMPILER_APPICON_NAME = AppIcon;
				ASSETCATALOG_COMPILER_GLOBAL_ACCENT_COLOR_NAME = AccentColor;
				CODE_SIGN_STYLE = Automatic;
				CURRENT_PROJECT_VERSION = 1;
				DEVELOPMENT_ASSET_PATHS = "\"BudgetApp/Preview Content\"";
				DEVELOPMENT_TEAM = B2Q8EGNCQA;
				ENABLE_PREVIEWS = YES;
				GENERATE_INFOPLIST_FILE = YES;
				INFOPLIST_KEY_UIApplicationSceneManifest_Generation = YES;
				INFOPLIST_KEY_UIApplicationSupportsIndirectInputEvents = YES;
				INFOPLIST_KEY_UILaunchScreen_Generation = YES;
				INFOPLIST_KEY_UISupportedInterfaceOrientations_iPad = "UIInterfaceOrientationPortrait UIInterfaceOrientationPortraitUpsideDown UIInterfaceOrientationLandscapeLeft UIInterfaceOrientationLandscapeRight";
				INFOPLIST_KEY_UISupportedInterfaceOrientations_iPhone = "UIInterfaceOrientationPortrait UIInterfaceOrientationLandscapeLeft UIInterfaceOrientationLandscapeRight";
				LD_RUNPATH_SEARCH_PATHS = (
					"$(inherited)",
					"@executable_path/Frameworks",
				);
				MARKETING_VERSION = 1.0;
				PRODUCT_BUNDLE_IDENTIFIER = com.azamsharp.BudgetApp;
				PRODUCT_NAME = "$(TARGET_NAME)";
				SWIFT_EMIT_LOC_STRINGS = YES;
				SWIFT_VERSION = 5.0;
				TARGETED_DEVICE_FAMILY = "1,2";
			};
			name = Debug;
		};
		8D065A342739695B0045D166 /* Release */ = {
			isa = XCBuildConfiguration;
			buildSettings = {
				ASSETCATALOG_COMPILER_APPICON_NAME = AppIcon;
				ASSETCATALOG_COMPILER_GLOBAL_ACCENT_COLOR_NAME = AccentColor;
				CODE_SIGN_STYLE = Automatic;
				CURRENT_PROJECT_VERSION = 1;
				DEVELOPMENT_ASSET_PATHS = "\"BudgetApp/Preview Content\"";
				DEVELOPMENT_TEAM = B2Q8EGNCQA;
				ENABLE_PREVIEWS = YES;
				GENERATE_INFOPLIST_FILE = YES;
				INFOPLIST_KEY_UIApplicationSceneManifest_Generation = YES;
				INFOPLIST_KEY_UIApplicationSupportsIndirectInputEvents = YES;
				INFOPLIST_KEY_UILaunchScreen_Generation = YES;
				INFOPLIST_KEY_UISupportedInterfaceOrientations_iPad = "UIInterfaceOrientationPortrait UIInterfaceOrientationPortraitUpsideDown UIInterfaceOrientationLandscapeLeft UIInterfaceOrientationLandscapeRight";
				INFOPLIST_KEY_UISupportedInterfaceOrientations_iPhone = "UIInterfaceOrientationPortrait UIInterfaceOrientationLandscapeLeft UIInterfaceOrientationLandscapeRight";
				LD_RUNPATH_SEARCH_PATHS = (
					"$(inherited)",
					"@executable_path/Frameworks",
				);
				MARKETING_VERSION = 1.0;
				PRODUCT_BUNDLE_IDENTIFIER = com.azamsharp.BudgetApp;
				PRODUCT_NAME = "$(TARGET_NAME)";
				SWIFT_EMIT_LOC_STRINGS = YES;
				SWIFT_VERSION = 5.0;
				TARGETED_DEVICE_FAMILY = "1,2";
			};
			name = Release;
		};
/* End XCBuildConfiguration section */

/* Begin XCConfigurationList section */
		8D065A1F2739695A0045D166 /* Build configuration list for PBXProject "BudgetApp" */ = {
			isa = XCConfigurationList;
			buildConfigurations = (
				8D065A302739695B0045D166 /* Debug */,
				8D065A312739695B0045D166 /* Release */,
			);
			defaultConfigurationIsVisible = 0;
			defaultConfigurationName = Release;
		};
		8D065A322739695B0045D166 /* Build configuration list for PBXNativeTarget "BudgetApp" */ = {
			isa = XCConfigurationList;
			buildConfigurations = (
				8D065A332739695B0045D166 /* Debug */,
				8D065A342739695B0045D166 /* Release */,
			);
			defaultConfigurationIsVisible = 0;
			defaultConfigurationName = Release;
		};
/* End XCConfigurationList section */

/* Begin XCVersionGroup section */
		8D065A35273969D40045D166 /* BudgetAppModel.xcdatamodeld */ = {
			isa = XCVersionGroup;
			children = (
				8D065A36273969D40045D166 /* BudgetAppModel.xcdatamodel */,
			);
			currentVersion = 8D065A36273969D40045D166 /* BudgetAppModel.xcdatamodel */;
			path = BudgetAppModel.xcdatamodeld;
			sourceTree = "<group>";
			versionGroupType = wrapper.xcdatamodel;
		};
/* End XCVersionGroup section */
	};
	rootObject = 8D065A1C2739695A0045D166 /* Project object */;
}
